
Microsoft Visual Studio Solution File, Format Version 12.00
# Visual Studio Version 17
VisualStudioVersion = 17.5.33424.131
MinimumVisualStudioVersion = 10.0.40219.1
Project("{FAE04EC0-301F-11D3-BF4B-00C04F79EFBC}") = "Timer", "WindowsFormsApp12\Timer.csproj", "{BB6EC5EB-FFE6-406D-88B2-962C35A3D4C6}"
EndProject
Global
	GlobalSection(SolutionConfigurationPlatforms) = preSolution
		Debug|Any CPU = Debug|Any CPU
		Release|Any CPU = Release|Any CPU
	EndGlobalSection
	GlobalSection(ProjectConfigurationPlatforms) = postSolution
		{BB6EC5EB-FFE6-406D-88B2-962C35A3D4C6}.Debug|Any CPU.ActiveCfg = Debug|Any CPU
		{BB6EC5EB-FFE6-406D-88B2-962C35A3D4C6}.Debug|Any CPU.Build.0 = Debug|Any CPU
		{BB6EC5EB-FFE6-406D-88B2-962C35A3D4C6}.Release|Any CPU.ActiveCfg = Release|Any CPU
		{BB6EC5EB-FFE6-406D-88B2-962C35A3D4C6}.Release|Any CPU.Build.0 = Release|Any CPU
	EndGlobalSection
	GlobalSection(SolutionProperties) = preSolution
		HideSolutionNode = FALSE
	EndGlobalSection
	GlobalSection(ExtensibilityGlobals) = postSolution
		SolutionGuid = {EF37DB88-EA0C-4ECC-AEBE-8F4E7AF6F098}
	EndGlobalSection
EndGlobal
